
Microsoft Visual Studio Solution File, Format Version 12.00
# Visual Studio Version 17
VisualStudioVersion = 17.4.33103.184
MinimumVisualStudioVersion = 10.0.40219.1
Project("{9A19103F-16F7-4668-BE54-9A1E7A4F7556}") = "GeometricFigures", "GeometricFigures\GeometricFigures.csproj", "{CD642719-2046-4C7A-9901-EC8243DA2D8A}"
EndProject
Project("{2150E333-8FDC-42A3-9474-1A3956D46DE8}") = "Tests", "Tests", "{B09FB18E-7D7B-4EB4-8970-AB298081071D}"
EndProject
Project("{FAE04EC0-301F-11D3-BF4B-00C04F79EFBC}") = "GeometricFigureTest", "GeometricFigureTest\GeometricFigureTest.csproj", "{F4965E97-3198-4D12-869A-16927A643885}"
EndProject
Global
	GlobalSection(SolutionConfigurationPlatforms) = preSolution
		Debug|Any CPU = Debug|Any CPU
		Release|Any CPU = Release|Any CPU
	EndGlobalSection
	GlobalSection(ProjectConfigurationPlatforms) = postSolution
		{CD642719-2046-4C7A-9901-EC8243DA2D8A}.Debug|Any CPU.ActiveCfg = Debug|Any CPU
		{CD642719-2046-4C7A-9901-EC8243DA2D8A}.Debug|Any CPU.Build.0 = Debug|Any CPU
		{CD642719-2046-4C7A-9901-EC8243DA2D8A}.Release|Any CPU.ActiveCfg = Release|Any CPU
		{CD642719-2046-4C7A-9901-EC8243DA2D8A}.Release|Any CPU.Build.0 = Release|Any CPU
		{F4965E97-3198-4D12-869A-16927A643885}.Debug|Any CPU.ActiveCfg = Debug|Any CPU
		{F4965E97-3198-4D12-869A-16927A643885}.Debug|Any CPU.Build.0 = Debug|Any CPU
		{F4965E97-3198-4D12-869A-16927A643885}.Release|Any CPU.ActiveCfg = Release|Any CPU
		{F4965E97-3198-4D12-869A-16927A643885}.Release|Any CPU.Build.0 = Release|Any CPU
	EndGlobalSection
	GlobalSection(SolutionProperties) = preSolution
		HideSolutionNode = FALSE
	EndGlobalSection
	GlobalSection(NestedProjects) = preSolution
		{F4965E97-3198-4D12-869A-16927A643885} = {B09FB18E-7D7B-4EB4-8970-AB298081071D}
	EndGlobalSection
	GlobalSection(ExtensibilityGlobals) = postSolution
		SolutionGuid = {BD953A2D-13CB-40B7-BB66-CCAAA329510C}
	EndGlobalSection
EndGlobal
